
Microsoft Visual Studio Solution File, Format Version 12.00
# Visual Studio 14
VisualStudioVersion = 14.0.25420.1
MinimumVisualStudioVersion = 10.0.40219.1
Project("{E24C65DC-7377-472B-9ABA-BC803B73C61A}") = "Admin(2)", "Admin\", "{1AD506B7-878B-4818-A008-40F7BB2839D3}"
	ProjectSection(WebsiteProperties) = preProject
		TargetFrameworkMoniker = ".NETFramework,Version%3Dv4.0"
		Debug.AspNetCompiler.VirtualPath = "/localhost_6722"
		Debug.AspNetCompiler.PhysicalPath = "D:\Projects\Android\Android Atendance\Admin\"
		Debug.AspNetCompiler.TargetPath = "PrecompiledWeb\localhost_6722\"
		Debug.AspNetCompiler.Updateable = "true"
		Debug.AspNetCompiler.ForceOverwrite = "true"
		Debug.AspNetCompiler.FixedNames = "false"
		Debug.AspNetCompiler.Debug = "True"
		Release.AspNetCompiler.VirtualPath = "/localhost_6722"
		Release.AspNetCompiler.PhysicalPath = "D:\Projects\Android\Android Atendance\Admin\"
		Release.AspNetCompiler.TargetPath = "PrecompiledWeb\localhost_6722\"
		Release.AspNetCompiler.Updateable = "true"
		Release.AspNetCompiler.ForceOverwrite = "true"
		Release.AspNetCompiler.FixedNames = "false"
		Release.AspNetCompiler.Debug = "False"
		VWDPort = "6722"
	EndProjectSection
EndProject
Global
	GlobalSection(SolutionConfigurationPlatforms) = preSolution
		Debug|Any CPU = Debug|Any CPU
	EndGlobalSection
	GlobalSection(ProjectConfigurationPlatforms) = postSolution
		{1AD506B7-878B-4818-A008-40F7BB2839D3}.Debug|Any CPU.ActiveCfg = Debug|Any CPU
		{1AD506B7-878B-4818-A008-40F7BB2839D3}.Debug|Any CPU.Build.0 = Debug|Any CPU
	EndGlobalSection
	GlobalSection(SolutionProperties) = preSolution
		HideSolutionNode = FALSE
	EndGlobalSection
EndGlobal
